
Microsoft Visual Studio Solution File, Format Version 12.00
# Visual Studio 15
VisualStudioVersion = 15.0.27004.2009
MinimumVisualStudioVersion = 10.0.40219.1
Project("{FAE04EC0-301F-11D3-BF4B-00C04F79EFBC}") = "TwitchVOICE", "TwitchVOICE\TwitchVOICE.csproj", "{AF98F832-2D0E-4742-A377-F4D2D4D0169C}"
EndProject
Global
	GlobalSection(SolutionConfigurationPlatforms) = preSolution
		Debug|Any CPU = Debug|Any CPU
		Release|Any CPU = Release|Any CPU
	EndGlobalSection
	GlobalSection(ProjectConfigurationPlatforms) = postSolution
		{AF98F832-2D0E-4742-A377-F4D2D4D0169C}.Debug|Any CPU.ActiveCfg = Debug|Any CPU
		{AF98F832-2D0E-4742-A377-F4D2D4D0169C}.Debug|Any CPU.Build.0 = Debug|Any CPU
		{AF98F832-2D0E-4742-A377-F4D2D4D0169C}.Release|Any CPU.ActiveCfg = Release|Any CPU
		{AF98F832-2D0E-4742-A377-F4D2D4D0169C}.Release|Any CPU.Build.0 = Release|Any CPU
	EndGlobalSection
	GlobalSection(SolutionProperties) = preSolution
		HideSolutionNode = FALSE
	EndGlobalSection
	GlobalSection(ExtensibilityGlobals) = postSolution
		SolutionGuid = {36A706F1-88DE-47F9-A725-1AFBB2AFA965}
	EndGlobalSection
EndGlobal
